
Microsoft Visual Studio Solution File, Format Version 12.00
# Visual Studio Version 17
VisualStudioVersion = 17.7.34031.279
MinimumVisualStudioVersion = 10.0.40219.1
Project("{FAE04EC0-301F-11D3-BF4B-00C04F79EFBC}") = "ROR2TournamentCounter", "ROR2TournamentCounter\ROR2TournamentCounter.csproj", "{4F0418BA-60D8-4CA2-97EC-FD9A2666A6A9}"
EndProject
Global
	GlobalSection(SolutionConfigurationPlatforms) = preSolution
		All|Any CPU = All|Any CPU
		Debug|Any CPU = Debug|Any CPU
		Release|Any CPU = Release|Any CPU
	EndGlobalSection
	GlobalSection(ProjectConfigurationPlatforms) = postSolution
		{4F0418BA-60D8-4CA2-97EC-FD9A2666A6A9}.All|Any CPU.ActiveCfg = Debug|Any CPU
		{4F0418BA-60D8-4CA2-97EC-FD9A2666A6A9}.All|Any CPU.Build.0 = Debug|Any CPU
		{4F0418BA-60D8-4CA2-97EC-FD9A2666A6A9}.Debug|Any CPU.ActiveCfg = Debug|Any CPU
		{4F0418BA-60D8-4CA2-97EC-FD9A2666A6A9}.Debug|Any CPU.Build.0 = Debug|Any CPU
		{4F0418BA-60D8-4CA2-97EC-FD9A2666A6A9}.Release|Any CPU.ActiveCfg = Release|Any CPU
		{4F0418BA-60D8-4CA2-97EC-FD9A2666A6A9}.Release|Any CPU.Build.0 = Release|Any CPU
	EndGlobalSection
	GlobalSection(SolutionProperties) = preSolution
		HideSolutionNode = FALSE
	EndGlobalSection
	GlobalSection(ExtensibilityGlobals) = postSolution
		SolutionGuid = {18BB07F4-C603-487B-8A1D-6237CFF7EB4D}
	EndGlobalSection
EndGlobal
